# This file is automatically @generated by Cargo.
# It is not intended for manual editing.
version = 4

[[package]]
name = "doctest-file"
version = "1.1.1"
source = "registry+https://github.com/rust-lang/crates.io-index"
checksum = "c2db04e74f0a9a93103b50e90b96024c9b2bdca8bce6a632ec71b88736d3d359"

[[package]]
name = "interprocess"
version = "2.4.2"
source = "registry+https://github.com/rust-lang/crates.io-index"
checksum = "069323743400cb7ab06a8fe5c1ed911d36b6919ec531661d034c89083629595b"
dependencies = [
 "doctest-file",
 "libc",
 "recvmsg",
 "widestring",
 "windows-sys",
]

[[package]]
name = "libc"
version = "0.2.186"
source = "registry+https://github.com/rust-lang/crates.io-index"
checksum = "68ab91017fe16c622486840e4c83c9a37afeff978bd239b5293d61ece587de66"

[[package]]
name = "recvmsg"
version = "1.0.0"
source = "registry+https://github.com/rust-lang/crates.io-index"
checksum = "d3edd4d5d42c92f0a659926464d4cce56b562761267ecf0f469d85b7de384175"

[[package]]
name = "widestring"
version = "1.2.1"
source = "registry+https://github.com/rust-lang/crates.io-index"
checksum = "72069c3113ab32ab29e5584db3c6ec55d416895e60715417b5b883a357c3e471"

[[package]]
name = "windows-link"
version = "0.2.1"
source = "registry+https://github.com/rust-lang/crates.io-index"
checksum = "f0805222e57f7521d6a62e36fa9163bc891acd422f971defe97d64e70d0a4fe5"

[[package]]
name = "windows-pipe-spike"
version = "0.0.0"
dependencies = [
 "interprocess",
 "widestring",
 "windows-sys",
]

[[package]]
name = "windows-sys"
version = "0.61.2"
source = "registry+https://github.com/rust-lang/crates.io-index"
checksum = "ae137229bcbd6cdf0f7b80a31df61766145077ddf49416a728b02cb3921ff3fc"
dependencies = [
 "windows-link",
]
